Microsoft Visual Studio Solution File, Format Version 12.00
# Visual Studio Version 17
VisualStudioVersion = 17.9.34310.174
MinimumVisualStudioVersion = 10.0.40219.1
Project("{9A19103F-16F7-4668-BE54-9A1E7A4F7556}") = "Memori.AppHost", "src\Memori.AppHost\Memori.AppHost.csproj", "{820D8485-91EA-4F65-9698-A01A6A1A2754}"
EndProject
Project("{9A19103F-16F7-4668-BE54-9A1E7A4F7556}") = "Memori.ServiceDefaults", "src\Memori.ServiceDefaults\Memori.ServiceDefaults.csproj", "{5AAFED6D-F730-4E5C-8820-6BEDFF563440}"
EndProject
Project("{9A19103F-16F7-4668-BE54-9A1E7A4F7556}") = "Memori.ApiService", "src\Memori.ApiService\Memori.ApiService.csproj", "{720B1548-0BD6-4C79-B8E5-94304DCCC7F4}"
EndProject
Project("{9A19103F-16F7-4668-BE54-9A1E7A4F7556}") = "Memori.Web", "src\Memori.Web\Memori.Web.csproj", "{84F436A6-2256-4AF2-91B1-8FC4A55048C6}"
EndProject
Project("{9A19103F-16F7-4668-BE54-9A1E7A4F7556}") = "Memori.Data", "src\Memori.Data\Memori.Data.csproj", "{3547F02F-846A-4AF4-AFAE-6364D90522DA}"
EndProject
Project("{9A19103F-16F7-4668-BE54-9A1E7A4F7556}") = "Memori.Processing", "src\Memori.Processing\Memori.Processing.csproj", "{678A1519-EF08-4E53-A34E-8EA1A0D18992}"
EndProject
Project("{9A19103F-16F7-4668-BE54-9A1E7A4F7556}") = "Memori.Shared", "src\Memori.Shared\Memori.Shared.csproj", "{25BD6324-33E8-4E3F-8EC6-E1F38B6F0084}"
EndProject
Project("{9A19103F-16F7-4668-BE54-9A1E7A4F7556}") = "Memori.WebClient", "src\Memori.WebClient\Memori.WebClient.csproj", "{04FEEA79-014E-46D3-BF2D-525AF3270B4B}"
EndProject
Project("{2150E333-8FDC-42A3-9474-1A3956D46DE8}") = "docs", "docs", "{74517CAF-A3ED-4938-BE83-D04B1AAC54AE}"
	ProjectSection(SolutionItems) = preProject
		README.md = README.md
	EndProjectSection
EndProject
Global
	GlobalSection(SolutionConfigurationPlatforms) = preSolution
		Debug|Any CPU = Debug|Any CPU
		Release|Any CPU = Release|Any CPU
	EndGlobalSection
	GlobalSection(ProjectConfigurationPlatforms) = postSolution
		{820D8485-91EA-4F65-9698-A01A6A1A2754}.Debug|Any CPU.ActiveCfg = Debug|Any CPU
		{820D8485-91EA-4F65-9698-A01A6A1A2754}.Debug|Any CPU.Build.0 = Debug|Any CPU
		{820D8485-91EA-4F65-9698-A01A6A1A2754}.Release|Any CPU.ActiveCfg = Release|Any CPU
		{820D8485-91EA-4F65-9698-A01A6A1A2754}.Release|Any CPU.Build.0 = Release|Any CPU
		{5AAFED6D-F730-4E5C-8820-6BEDFF563440}.Debug|Any CPU.ActiveCfg = Debug|Any CPU
		{5AAFED6D-F730-4E5C-8820-6BEDFF563440}.Debug|Any CPU.Build.0 = Debug|Any CPU
		{5AAFED6D-F730-4E5C-8820-6BEDFF563440}.Release|Any CPU.ActiveCfg = Release|Any CPU
		{5AAFED6D-F730-4E5C-8820-6BEDFF563440}.Release|Any CPU.Build.0 = Release|Any CPU
		{720B1548-0BD6-4C79-B8E5-94304DCCC7F4}.Debug|Any CPU.ActiveCfg = Debug|Any CPU
		{720B1548-0BD6-4C79-B8E5-94304DCCC7F4}.Debug|Any CPU.Build.0 = Debug|Any CPU
		{720B1548-0BD6-4C79-B8E5-94304DCCC7F4}.Release|Any CPU.ActiveCfg = Release|Any CPU
		{720B1548-0BD6-4C79-B8E5-94304DCCC7F4}.Release|Any CPU.Build.0 = Release|Any CPU
		{84F436A6-2256-4AF2-91B1-8FC4A55048C6}.Debug|Any CPU.ActiveCfg = Debug|Any CPU
		{84F436A6-2256-4AF2-91B1-8FC4A55048C6}.Debug|Any CPU.Build.0 = Debug|Any CPU
		{84F436A6-2256-4AF2-91B1-8FC4A55048C6}.Release|Any CPU.ActiveCfg = Release|Any CPU
		{84F436A6-2256-4AF2-91B1-8FC4A55048C6}.Release|Any CPU.Build.0 = Release|Any CPU
		{3547F02F-846A-4AF4-AFAE-6364D90522DA}.Debug|Any CPU.ActiveCfg = Debug|Any CPU
		{3547F02F-846A-4AF4-AFAE-6364D90522DA}.Debug|Any CPU.Build.0 = Debug|Any CPU
		{3547F02F-846A-4AF4-AFAE-6364D90522DA}.Release|Any CPU.ActiveCfg = Release|Any CPU
		{3547F02F-846A-4AF4-AFAE-6364D90522DA}.Release|Any CPU.Build.0 = Release|Any CPU
		{678A1519-EF08-4E53-A34E-8EA1A0D18992}.Debug|Any CPU.ActiveCfg = Debug|Any CPU
		{678A1519-EF08-4E53-A34E-8EA1A0D18992}.Debug|Any CPU.Build.0 = Debug|Any CPU
		{678A1519-EF08-4E53-A34E-8EA1A0D18992}.Release|Any CPU.ActiveCfg = Release|Any CPU
		{678A1519-EF08-4E53-A34E-8EA1A0D18992}.Release|Any CPU.Build.0 = Release|Any CPU
		{25BD6324-33E8-4E3F-8EC6-E1F38B6F0084}.Debug|Any CPU.ActiveCfg = Debug|Any CPU
		{25BD6324-33E8-4E3F-8EC6-E1F38B6F0084}.Debug|Any CPU.Build.0 = Debug|Any CPU
		{25BD6324-33E8-4E3F-8EC6-E1F38B6F0084}.Release|Any CPU.ActiveCfg = Release|Any CPU
		{25BD6324-33E8-4E3F-8EC6-E1F38B6F0084}.Release|Any CPU.Build.0 = Release|Any CPU
		{04FEEA79-014E-46D3-BF2D-525AF3270B4B}.Debug|Any CPU.ActiveCfg = Debug|Any CPU
		{04FEEA79-014E-46D3-BF2D-525AF3270B4B}.Debug|Any CPU.Build.0 = Debug|Any CPU
		{04FEEA79-014E-46D3-BF2D-525AF3270B4B}.Release|Any CPU.ActiveCfg = Release|Any CPU
		{04FEEA79-014E-46D3-BF2D-525AF3270B4B}.Release|Any CPU.Build.0 = Release|Any CPU
	EndGlobalSection
	GlobalSection(SolutionProperties) = preSolution
		HideSolutionNode = FALSE
	EndGlobalSection
	GlobalSection(ExtensibilityGlobals) = postSolution
		SolutionGuid = {095FF967-FB7F-4661-8BAA-396E7B347E38}
	EndGlobalSection
EndGlobal
